// !$*UTF8*$!
{
	archiveVersion = 1;
	classes = {
	};
	objectVersion = 46;
	objects = {

/* Begin PBXBuildFile section */
		7EA1FBE91E2C1C7F0043E578 /* BreakoutBehavior.swift in Sources */ = {isa = PBXBuildFile; fileRef = 7EA1FBE81E2C1C7F0043E578 /* BreakoutBehavior.swift */; };
		7EA1FBEB1E2C1E440043E578 /* NamedBezierPathsView.swift in Sources */ = {isa = PBXBuildFile; fileRef = 7EA1FBEA1E2C1E440043E578 /* NamedBezierPathsView.swift */; };
		7EAD465B1E22F03700689E10 /* UIKit+Extensions.swift in Sources */ = {isa = PBXBuildFile; fileRef = 7EAD465A1E22F03700689E10 /* UIKit+Extensions.swift */; };
		7EAD465D1E22F09400689E10 /* BreakoutGameView.swift in Sources */ = {isa = PBXBuildFile; fileRef = 7EAD465C1E22F09400689E10 /* BreakoutGameView.swift */; };
		7EAD465F1E22F83400689E10 /* BallBehavior.swift in Sources */ = {isa = PBXBuildFile; fileRef = 7EAD465E1E22F83400689E10 /* BallBehavior.swift */; };
		7EAD46611E22F88200689E10 /* PaddleBehavior.swift in Sources */ = {isa = PBXBuildFile; fileRef = 7EAD46601E22F88200689E10 /* PaddleBehavior.swift */; };
		7EAD46631E22F9A800689E10 /* BrickBehavior.swift in Sources */ = {isa = PBXBuildFile; fileRef = 7EAD46621E22F9A800689E10 /* BrickBehavior.swift */; };
		7EE6263B1E1EB394004C9D9C /* AppDelegate.swift in Sources */ = {isa = PBXBuildFile; fileRef = 7EE6263A1E1EB394004C9D9C /* AppDelegate.swift */; };
		7EE6263D1E1EB394004C9D9C /* GameViewController.swift in Sources */ = {isa = PBXBuildFile; fileRef = 7EE6263C1E1EB394004C9D9C /* GameViewController.swift */; };
		7EE626401E1EB394004C9D9C /* Main.storyboard in Resources */ = {isa = PBXBuildFile; fileRef = 7EE6263E1E1EB394004C9D9C /* Main.storyboard */; };
		7EE626421E1EB394004C9D9C /* Assets.xcassets in Resources */ = {isa = PBXBuildFile; fileRef = 7EE626411E1EB394004C9D9C /* Assets.xcassets */; };
		7EE626451E1EB394004C9D9C /* LaunchScreen.storyboard in Resources */ = {isa = PBXBuildFile; fileRef = 7EE626431E1EB394004C9D9C /* LaunchScreen.storyboard */; };
		7EE626501E1EB394004C9D9C /* BreakoutTests.swift in Sources */ = {isa = PBXBuildFile; fileRef = 7EE6264F1E1EB394004C9D9C /* BreakoutTests.swift */; };
		7EFBD0A61E20457200E3122C /* SettingsTableViewController.swift in Sources */ = {isa = PBXBuildFile; fileRef = 7EFBD0A51E20457200E3122C /* SettingsTableViewController.swift */; };
		7EFBD0A81E2046DC00E3122C /* BrickView.swift in Sources */ = {isa = PBXBuildFile; fileRef = 7EFBD0A71E2046DC00E3122C /* BrickView.swift */; };
		7EFBD0AA1E2046EE00E3122C /* PaddleView.swift in Sources */ = {isa = PBXBuildFile; fileRef = 7EFBD0A91E2046EE00E3122C /* PaddleView.swift */; };
		7EFBD0AC1E2046FC00E3122C /* BallView.swift in Sources */ = {isa = PBXBuildFile; fileRef = 7EFBD0AB1E2046FC00E3122C /* BallView.swift */; };
		7EFBD0AF1E204AE500E3122C /* PropertySettings.swift in Sources */ = {isa = PBXBuildFile; fileRef = 7EFBD0AE1E204AE500E3122C /* PropertySettings.swift */; };
/* End PBXBuildFile section */

/* Begin PBXContainerItemProxy section */
		7EE6264C1E1EB394004C9D9C /* PBXContainerItemProxy */ = {
			isa = PBXContainerItemProxy;
			containerPortal = 7EE6262F1E1EB394004C9D9C /* Project object */;
			proxyType = 1;
			remoteGlobalIDString = 7EE626361E1EB394004C9D9C;
			remoteInfo = Breakout;
		};
/* End PBXContainerItemProxy section */

/* Begin PBXFileReference section */
		7EA1FBE81E2C1C7F0043E578 /* BreakoutBehavior.swift */ = {isa = PBXFileReference; fileEncoding = 4; lastKnownFileType = sourcecode.swift; path = BreakoutBehavior.swift; sourceTree = "<group>"; };
		7EA1FBEA1E2C1E440043E578 /* NamedBezierPathsView.swift */ = {isa = PBXFileReference; fileEncoding = 4; lastKnownFileType = sourcecode.swift; path = NamedBezierPathsView.swift; sourceTree = "<group>"; };
		7EAD465A1E22F03700689E10 /* UIKit+Extensions.swift */ = {isa = PBXFileReference; fileEncoding = 4; lastKnownFileType = sourcecode.swift; path = "UIKit+Extensions.swift"; sourceTree = "<group>"; };
		7EAD465C1E22F09400689E10 /* BreakoutGameView.swift */ = {isa = PBXFileReference; fileEncoding = 4; lastKnownFileType = sourcecode.swift; path = BreakoutGameView.swift; sourceTree = "<group>"; };
		7EAD465E1E22F83400689E10 /* BallBehavior.swift */ = {isa = PBXFileReference; fileEncoding = 4; lastKnownFileType = sourcecode.swift; path = BallBehavior.swift; sourceTree = "<group>"; };
		7EAD46601E22F88200689E10 /* PaddleBehavior.swift */ = {isa = PBXFileReference; fileEncoding = 4; lastKnownFileType = sourcecode.swift; path = PaddleBehavior.swift; sourceTree = "<group>"; };
		7EAD46621E22F9A800689E10 /* BrickBehavior.swift */ = {isa = PBXFileReference; fileEncoding = 4; lastKnownFileType = sourcecode.swift; path = BrickBehavior.swift; sourceTree = "<group>"; };
		7EE626371E1EB394004C9D9C /* Breakout.app */ = {isa = PBXFileReference; explicitFileType = wrapper.application; includeInIndex = 0; path = Breakout.app; sourceTree = BUILT_PRODUCTS_DIR; };
		7EE6263A1E1EB394004C9D9C /* AppDelegate.swift */ = {isa = PBXFileReference; lastKnownFileType = sourcecode.swift; path = AppDelegate.swift; sourceTree = "<group>"; };
		7EE6263C1E1EB394004C9D9C /* GameViewController.swift */ = {isa = PBXFileReference; lastKnownFileType = sourcecode.swift; path = GameViewController.swift; sourceTree = "<group>"; };
		7EE6263F1E1EB394004C9D9C /* Base */ = {isa = PBXFileReference; lastKnownFileType = file.storyboard; name = Base; path = Base.lproj/Main.storyboard; sourceTree = "<group>"; };
		7EE626411E1EB394004C9D9C /* Assets.xcassets */ = {isa = PBXFileReference; lastKnownFileType = folder.assetcatalog; path = Assets.xcassets; sourceTree = "<group>"; };
		7EE626441E1EB394004C9D9C /* Base */ = {isa = PBXFileReference; lastKnownFileType = file.storyboard; name = Base; path = Base.lproj/LaunchScreen.storyboard; sourceTree = "<group>"; };
		7EE626461E1EB394004C9D9C /* Info.plist */ = {isa = PBXFileReference; lastKnownFileType = text.plist.xml; path = Info.plist; sourceTree = "<group>"; };
		7EE6264B1E1EB394004C9D9C /* BreakoutTests.xctest */ = {isa = PBXFileReference; explicitFileType = wrapper.cfbundle; includeInIndex = 0; path = BreakoutTests.xctest; sourceTree = BUILT_PRODUCTS_DIR; };
		7EE6264F1E1EB394004C9D9C /* BreakoutTests.swift */ = {isa = PBXFileReference; lastKnownFileType = sourcecode.swift; path = BreakoutTests.swift; sourceTree = "<group>"; };
		7EE626511E1EB394004C9D9C /* Info.plist */ = {isa = PBXFileReference; lastKnownFileType = text.plist.xml; path = Info.plist; sourceTree = "<group>"; };
		7EFBD0A51E20457200E3122C /* SettingsTableViewController.swift */ = {isa = PBXFileReference; fileEncoding = 4; lastKnownFileType = sourcecode.swift; path = SettingsTableViewController.swift; sourceTree = "<group>"; };
		7EFBD0A71E2046DC00E3122C /* BrickView.swift */ = {isa = PBXFileReference; fileEncoding = 4; lastKnownFileType = sourcecode.swift; path = BrickView.swift; sourceTree = "<group>"; };
		7EFBD0A91E2046EE00E3122C /* PaddleView.swift */ = {isa = PBXFileReference; fileEncoding = 4; lastKnownFileType = sourcecode.swift; path = PaddleView.swift; sourceTree = "<group>"; };
		7EFBD0AB1E2046FC00E3122C /* BallView.swift */ = {isa = PBXFileReference; fileEncoding = 4; lastKnownFileType = sourcecode.swift; path = BallView.swift; sourceTree = "<group>"; };
		7EFBD0AE1E204AE500E3122C /* PropertySettings.swift */ = {isa = PBXFileReference; fileEncoding = 4; lastKnownFileType = sourcecode.swift; path = PropertySettings.swift; sourceTree = "<group>"; };
/* End PBXFileReference section */

/* Begin PBXFrameworksBuildPhase section */
		7EE626341E1EB394004C9D9C /* Frameworks */ = {
			isa = PBXFrameworksBuildPhase;
			buildActionMask = 2147483647;
			files = (
			);
			runOnlyForDeploymentPostprocessing = 0;
		};
		7EE626481E1EB394004C9D9C /* Frameworks */ = {
			isa = PBXFrameworksBuildPhase;
			buildActionMask = 2147483647;
			files = (
			);
			runOnlyForDeploymentPostprocessing = 0;
		};
/* End PBXFrameworksBuildPhase section */

/* Begin PBXGroup section */
		7EA7EA191E1ECC0700E993C5 /* Supporting Files */ = {
			isa = PBXGroup;
			children = (
				7EE626461E1EB394004C9D9C /* Info.plist */,
				7EE626411E1EB394004C9D9C /* Assets.xcassets */,
			);
			name = "Supporting Files";
			sourceTree = "<group>";
		};
		7EA7EA1A1E1ECC1100E993C5 /* Controllers */ = {
			isa = PBXGroup;
			children = (
				7EE6263C1E1EB394004C9D9C /* GameViewController.swift */,
				7EFBD0A51E20457200E3122C /* SettingsTableViewController.swift */,
			);
			name = Controllers;
			sourceTree = "<group>";
		};
		7EA7EA1B1E1ECC1F00E993C5 /* Storyboards */ = {
			isa = PBXGroup;
			children = (
				7EE6263E1E1EB394004C9D9C /* Main.storyboard */,
				7EE626431E1EB394004C9D9C /* LaunchScreen.storyboard */,
			);
			name = Storyboards;
			sourceTree = "<group>";
		};
		7EAD46591E22F01100689E10 /* Extensions */ = {
			isa = PBXGroup;
			children = (
				7EAD465A1E22F03700689E10 /* UIKit+Extensions.swift */,
			);
			name = Extensions;
			sourceTree = "<group>";
		};
		7EE6262E1E1EB394004C9D9C = {
			isa = PBXGroup;
			children = (
				7EE626391E1EB394004C9D9C /* Breakout */,
				7EE6264E1E1EB394004C9D9C /* BreakoutTests */,
				7EE626381E1EB394004C9D9C /* Products */,
			);
			sourceTree = "<group>";
		};
		7EE626381E1EB394004C9D9C /* Products */ = {
			isa = PBXGroup;
			children = (
				7EE626371E1EB394004C9D9C /* Breakout.app */,
				7EE6264B1E1EB394004C9D9C /* BreakoutTests.xctest */,
			);
			name = Products;
			sourceTree = "<group>";
		};
		7EE626391E1EB394004C9D9C /* Breakout */ = {
			isa = PBXGroup;
			children = (
				7EE6263A1E1EB394004C9D9C /* AppDelegate.swift */,
				7EA7EA1A1E1ECC1100E993C5 /* Controllers */,
				7EAD46591E22F01100689E10 /* Extensions */,
				7EFBD0AD1E204AC100E3122C /* Models */,
				7EA7EA1B1E1ECC1F00E993C5 /* Storyboards */,
				7EA7EA191E1ECC0700E993C5 /* Supporting Files */,
				7EFBD0A41E20435E00E3122C /* Views */,
			);
			path = Breakout;
			sourceTree = "<group>";
		};
		7EE6264E1E1EB394004C9D9C /* BreakoutTests */ = {
			isa = PBXGroup;
			children = (
				7EE6264F1E1EB394004C9D9C /* BreakoutTests.swift */,
				7EE626511E1EB394004C9D9C /* Info.plist */,
			);
			path = BreakoutTests;
			sourceTree = "<group>";
		};
		7EFBD0A41E20435E00E3122C /* Views */ = {
			isa = PBXGroup;
			children = (
				7EAD465E1E22F83400689E10 /* BallBehavior.swift */,
				7EFBD0AB1E2046FC00E3122C /* BallView.swift */,
				7EA1FBE81E2C1C7F0043E578 /* BreakoutBehavior.swift */,
				7EAD465C1E22F09400689E10 /* BreakoutGameView.swift */,
				7EAD46621E22F9A800689E10 /* BrickBehavior.swift */,
				7EFBD0A71E2046DC00E3122C /* BrickView.swift */,
				7EA1FBEA1E2C1E440043E578 /* NamedBezierPathsView.swift */,
				7EAD46601E22F88200689E10 /* PaddleBehavior.swift */,
				7EFBD0A91E2046EE00E3122C /* PaddleView.swift */,
			);
			name = Views;
			sourceTree = "<group>";
		};
		7EFBD0AD1E204AC100E3122C /* Models */ = {
			isa = PBXGroup;
			children = (
				7EFBD0AE1E204AE500E3122C /* PropertySettings.swift */,
			);
			name = Models;
			sourceTree = "<group>";
		};
/* End PBXGroup section */

/* Begin PBXNativeTarget section */
		7EE626361E1EB394004C9D9C /* Breakout */ = {
			isa = PBXNativeTarget;
			buildConfigurationList = 7EE626541E1EB394004C9D9C /* Build configuration list for PBXNativeTarget "Breakout" */;
			buildPhases = (
				7EE626331E1EB394004C9D9C /* Sources */,
				7EE626341E1EB394004C9D9C /* Frameworks */,
				7EE626351E1EB394004C9D9C /* Resources */,
			);
			buildRules = (
			);
			dependencies = (
			);
			name = Breakout;
			productName = Breakout;
			productReference = 7EE626371E1EB394004C9D9C /* Breakout.app */;
			productType = "com.apple.product-type.application";
		};
		7EE6264A1E1EB394004C9D9C /* BreakoutTests */ = {
			isa = PBXNativeTarget;
			buildConfigurationList = 7EE626571E1EB394004C9D9C /* Build configuration list for PBXNativeTarget "BreakoutTests" */;
			buildPhases = (
				7EE626471E1EB394004C9D9C /* Sources */,
				7EE626481E1EB394004C9D9C /* Frameworks */,
				7EE626491E1EB394004C9D9C /* Resources */,
			);
			buildRules = (
			);
			dependencies = (
				7EE6264D1E1EB394004C9D9C /* PBXTargetDependency */,
			);
			name = BreakoutTests;
			productName = BreakoutTests;
			productReference = 7EE6264B1E1EB394004C9D9C /* BreakoutTests.xctest */;
			productType = "com.apple.product-type.bundle.unit-test";
		};
/* End PBXNativeTarget section */

/* Begin PBXProject section */
		7EE6262F1E1EB394004C9D9C /* Project object */ = {
			isa = PBXProject;
			attributes = {
				LastSwiftUpdateCheck = 0820;
				LastUpgradeCheck = 0820;
				ORGANIZATIONNAME = "Mike Vork";
				TargetAttributes = {
					7EE626361E1EB394004C9D9C = {
						CreatedOnToolsVersion = 8.2.1;
						DevelopmentTeam = JNR8436L9N;
						ProvisioningStyle = Automatic;
					};
					7EE6264A1E1EB394004C9D9C = {
						CreatedOnToolsVersion = 8.2.1;
						DevelopmentTeam = JNR8436L9N;
						ProvisioningStyle = Automatic;
						TestTargetID = 7EE626361E1EB394004C9D9C;
					};
				};
			};
			buildConfigurationList = 7EE626321E1EB394004C9D9C /* Build configuration list for PBXProject "Breakout" */;
			compatibilityVersion = "Xcode 3.2";
			developmentRegion = English;
			hasScannedForEncodings = 0;
			knownRegions = (
				en,
				Base,
			);
			mainGroup = 7EE6262E1E1EB394004C9D9C;
			productRefGroup = 7EE626381E1EB394004C9D9C /* Products */;
			projectDirPath = "";
			projectRoot = "";
			targets = (
				7EE626361E1EB394004C9D9C /* Breakout */,
				7EE6264A1E1EB394004C9D9C /* BreakoutTests */,
			);
		};
/* End PBXProject section */

/* Begin PBXResourcesBuildPhase section */
		7EE626351E1EB394004C9D9C /* Resources */ = {
			isa = PBXResourcesBuildPhase;
			buildActionMask = 2147483647;
			files = (
				7EE626451E1EB394004C9D9C /* LaunchScreen.storyboard in Resources */,
				7EE626421E1EB394004C9D9C /* Assets.xcassets in Resources */,
				7EE626401E1EB394004C9D9C /* Main.storyboard in Resources */,
			);
			runOnlyForDeploymentPostprocessing = 0;
		};
		7EE626491E1EB394004C9D9C /* Resources */ = {
			isa = PBXResourcesBuildPhase;
			buildActionMask = 2147483647;
			files = (
			);
			runOnlyForDeploymentPostprocessing = 0;
		};
/* End PBXResourcesBuildPhase section */

/* Begin PBXSourcesBuildPhase section */
		7EE626331E1EB394004C9D9C /* Sources */ = {
			isa = PBXSourcesBuildPhase;
			buildActionMask = 2147483647;
			files = (
				7EFBD0A81E2046DC00E3122C /* BrickView.swift in Sources */,
				7EE6263D1E1EB394004C9D9C /* GameViewController.swift in Sources */,
				7EAD465B1E22F03700689E10 /* UIKit+Extensions.swift in Sources */,
				7EAD465F1E22F83400689E10 /* BallBehavior.swift in Sources */,
				7EFBD0AF1E204AE500E3122C /* PropertySettings.swift in Sources */,
				7EAD46631E22F9A800689E10 /* BrickBehavior.swift in Sources */,
				7EAD465D1E22F09400689E10 /* BreakoutGameView.swift in Sources */,
				7EFBD0AA1E2046EE00E3122C /* PaddleView.swift in Sources */,
				7EA1FBEB1E2C1E440043E578 /* NamedBezierPathsView.swift in Sources */,
				7EA1FBE91E2C1C7F0043E578 /* BreakoutBehavior.swift in Sources */,
				7EFBD0AC1E2046FC00E3122C /* BallView.swift in Sources */,
				7EE6263B1E1EB394004C9D9C /* AppDelegate.swift in Sources */,
				7EAD46611E22F88200689E10 /* PaddleBehavior.swift in Sources */,
				7EFBD0A61E20457200E3122C /* SettingsTableViewController.swift in Sources */,
			);
			runOnlyForDeploymentPostprocessing = 0;
		};
		7EE626471E1EB394004C9D9C /* Sources */ = {
			isa = PBXSourcesBuildPhase;
			buildActionMask = 2147483647;
			files = (
				7EE626501E1EB394004C9D9C /* BreakoutTests.swift in Sources */,
			);
			runOnlyForDeploymentPostprocessing = 0;
		};
/* End PBXSourcesBuildPhase section */

/* Begin PBXTargetDependency section */
		7EE6264D1E1EB394004C9D9C /* PBXTargetDependency */ = {
			isa = PBXTargetDependency;
			target = 7EE626361E1EB394004C9D9C /* Breakout */;
			targetProxy = 7EE6264C1E1EB394004C9D9C /* PBXContainerItemProxy */;
		};
/* End PBXTargetDependency section */

/* Begin PBXVariantGroup section */
		7EE6263E1E1EB394004C9D9C /* Main.storyboard */ = {
			isa = PBXVariantGroup;
			children = (
				7EE6263F1E1EB394004C9D9C /* Base */,
			);
			name = Main.storyboard;
			sourceTree = "<group>";
		};
		7EE626431E1EB394004C9D9C /* LaunchScreen.storyboard */ = {
			isa = PBXVariantGroup;
			children = (
				7EE626441E1EB394004C9D9C /* Base */,
			);
			name = LaunchScreen.storyboard;
			sourceTree = "<group>";
		};
/* End PBXVariantGroup section */

/* Begin XCBuildConfiguration section */
		7EE626521E1EB394004C9D9C /* Debug */ = {
			isa = XCBuildConfiguration;
			buildSettings = {
				ALWAYS_SEARCH_USER_PATHS = NO;
				CLANG_ANALYZER_NONNULL = YES;
				CLANG_CXX_LANGUAGE_STANDARD = "gnu++0x";
				CLANG_CXX_LIBRARY = "libc++";
				CLANG_ENABLE_MODULES = YES;
				CLANG_ENABLE_OBJC_ARC = YES;
				CLANG_WARN_BOOL_CONVERSION = YES;
				CLANG_WARN_CONSTANT_CONVERSION = YES;
				CLANG_WARN_DIRECT_OBJC_ISA_USAGE = YES_ERROR;
				CLANG_WARN_DOCUMENTATION_COMMENTS = YES;
				CLANG_WARN_EMPTY_BODY = YES;
				CLANG_WARN_ENUM_CONVERSION = YES;
				CLANG_WARN_INFINITE_RECURSION = YES;
				CLANG_WARN_INT_CONVERSION = YES;
				CLANG_WARN_OBJC_ROOT_CLASS = YES_ERROR;
				CLANG_WARN_SUSPICIOUS_MOVE = YES;
				CLANG_WARN_UNREACHABLE_CODE = YES;
				CLANG_WARN__DUPLICATE_METHOD_MATCH = YES;
				"CODE_SIGN_IDENTITY[sdk=iphoneos*]" = "iPhone Developer";
				COPY_PHASE_STRIP = NO;
				DEBUG_INFORMATION_FORMAT = dwarf;
				ENABLE_STRICT_OBJC_MSGSEND = YES;
				ENABLE_TESTABILITY = YES;
				GCC_C_LANGUAGE_STANDARD = gnu99;
				GCC_DYNAMIC_NO_PIC = NO;
				GCC_NO_COMMON_BLOCKS = YES;
				GCC_OPTIMIZATION_LEVEL = 0;
				GCC_PREPROCESSOR_DEFINITIONS = (
					"DEBUG=1",
					"$(inherited)",
				);
				GCC_WARN_64_TO_32_BIT_CONVERSION = YES;
				GCC_WARN_ABOUT_RETURN_TYPE = YES_ERROR;
				GCC_WARN_UNDECLARED_SELECTOR = YES;
				GCC_WARN_UNINITIALIZED_AUTOS = YES_AGGRESSIVE;
				GCC_WARN_UNUSED_FUNCTION = YES;
				GCC_WARN_UNUSED_VARIABLE = YES;
				IPHONEOS_DEPLOYMENT_TARGET = 10.2;
				MTL_ENABLE_DEBUG_INFO = YES;
				ONLY_ACTIVE_ARCH = YES;
				SDKROOT = iphoneos;
				SWIFT_ACTIVE_COMPILATION_CONDITIONS = DEBUG;
				SWIFT_OPTIMIZATION_LEVEL = "-Onone";
			};
			name = Debug;
		};
		7EE626531E1EB394004C9D9C /* Release */ = {
			isa = XCBuildConfiguration;
			buildSettings = {
				ALWAYS_SEARCH_USER_PATHS = NO;
				CLANG_ANALYZER_NONNULL = YES;
				CLANG_CXX_LANGUAGE_STANDARD = "gnu++0x";
				CLANG_CXX_LIBRARY = "libc++";
				CLANG_ENABLE_MODULES = YES;
				CLANG_ENABLE_OBJC_ARC = YES;
				CLANG_WARN_BOOL_CONVERSION = YES;
				CLANG_WARN_CONSTANT_CONVERSION = YES;
				CLANG_WARN_DIRECT_OBJC_ISA_USAGE = YES_ERROR;
				CLANG_WARN_DOCUMENTATION_COMMENTS = YES;
				CLANG_WARN_EMPTY_BODY = YES;
				CLANG_WARN_ENUM_CONVERSION = YES;
				CLANG_WARN_INFINITE_RECURSION = YES;
				CLANG_WARN_INT_CONVERSION = YES;
				CLANG_WARN_OBJC_ROOT_CLASS = YES_ERROR;
				CLANG_WARN_SUSPICIOUS_MOVE = YES;
				CLANG_WARN_UNREACHABLE_CODE = YES;
				CLANG_WARN__DUPLICATE_METHOD_MATCH = YES;
				"CODE_SIGN_IDENTITY[sdk=iphoneos*]" = "iPhone Developer";
				COPY_PHASE_STRIP = NO;
				DEBUG_INFORMATION_FORMAT = "dwarf-with-dsym";
				ENABLE_NS_ASSERTIONS = NO;
				ENABLE_STRICT_OBJC_MSGSEND = YES;
				GCC_C_LANGUAGE_STANDARD = gnu99;
				GCC_NO_COMMON_BLOCKS = YES;
				GCC_WARN_64_TO_32_BIT_CONVERSION = YES;
				GCC_WARN_ABOUT_RETURN_TYPE = YES_ERROR;
				GCC_WARN_UNDECLARED_SELECTOR = YES;
				GCC_WARN_UNINITIALIZED_AUTOS = YES_AGGRESSIVE;
				GCC_WARN_UNUSED_FUNCTION = YES;
				GCC_WARN_UNUSED_VARIABLE = YES;
				IPHONEOS_DEPLOYMENT_TARGET = 10.2;
				MTL_ENABLE_DEBUG_INFO = NO;
				SDKROOT = iphoneos;
				SWIFT_OPTIMIZATION_LEVEL = "-Owholemodule";
				VALIDATE_PRODUCT = YES;
			};
			name = Release;
		};
		7EE626551E1EB394004C9D9C /* Debug */ = {
			isa = XCBuildConfiguration;
			buildSettings = {
				ASSETCATALOG_COMPILER_APPICON_NAME = AppIcon;
				DEVELOPMENT_TEAM = JNR8436L9N;
				INFOPLIST_FILE = Breakout/Info.plist;
				LD_RUNPATH_SEARCH_PATHS = "$(inherited) @executable_path/Frameworks";
				PRODUCT_BUNDLE_IDENTIFIER = com.momentumsoft.Breakout;
				PRODUCT_NAME = "$(TARGET_NAME)";
				SWIFT_VERSION = 3.0;
			};
			name = Debug;
		};
		7EE626561E1EB394004C9D9C /* Release */ = {
			isa = XCBuildConfiguration;
			buildSettings = {
				ASSETCATALOG_COMPILER_APPICON_NAME = AppIcon;
				DEVELOPMENT_TEAM = JNR8436L9N;
				INFOPLIST_FILE = Breakout/Info.plist;
				LD_RUNPATH_SEARCH_PATHS = "$(inherited) @executable_path/Frameworks";
				PRODUCT_BUNDLE_IDENTIFIER = com.momentumsoft.Breakout;
				PRODUCT_NAME = "$(TARGET_NAME)";
				SWIFT_VERSION = 3.0;
			};
			name = Release;
		};
		7EE626581E1EB394004C9D9C /* Debug */ = {
			isa = XCBuildConfiguration;
			buildSettings = {
				ALWAYS_EMBED_SWIFT_STANDARD_LIBRARIES = YES;
				BUNDLE_LOADER = "$(TEST_HOST)";
				DEVELOPMENT_TEAM = JNR8436L9N;
				INFOPLIST_FILE = BreakoutTests/Info.plist;
				LD_RUNPATH_SEARCH_PATHS = "$(inherited) @executable_path/Frameworks @loader_path/Frameworks";
				PRODUCT_BUNDLE_IDENTIFIER = com.momentumsoft.BreakoutTests;
				PRODUCT_NAME = "$(TARGET_NAME)";
				SWIFT_VERSION = 3.0;
				TEST_HOST = "$(BUILT_PRODUCTS_DIR)/Breakout.app/Breakout";
			};
			name = Debug;
		};
		7EE626591E1EB394004C9D9C /* Release */ = {
			isa = XCBuildConfiguration;
			buildSettings = {
				ALWAYS_EMBED_SWIFT_STANDARD_LIBRARIES = YES;
				BUNDLE_LOADER = "$(TEST_HOST)";
				DEVELOPMENT_TEAM = JNR8436L9N;
				INFOPLIST_FILE = BreakoutTests/Info.plist;
				LD_RUNPATH_SEARCH_PATHS = "$(inherited) @executable_path/Frameworks @loader_path/Frameworks";
				PRODUCT_BUNDLE_IDENTIFIER = com.momentumsoft.BreakoutTests;
				PRODUCT_NAME = "$(TARGET_NAME)";
				SWIFT_VERSION = 3.0;
				TEST_HOST = "$(BUILT_PRODUCTS_DIR)/Breakout.app/Breakout";
			};
			name = Release;
		};
/* End XCBuildConfiguration section */

/* Begin XCConfigurationList section */
		7EE626321E1EB394004C9D9C /* Build configuration list for PBXProject "Breakout" */ = {
			isa = XCConfigurationList;
			buildConfigurations = (
				7EE626521E1EB394004C9D9C /* Debug */,
				7EE626531E1EB394004C9D9C /* Release */,
			);
			defaultConfigurationIsVisible = 0;
			defaultConfigurationName = Release;
		};
		7EE626541E1EB394004C9D9C /* Build configuration list for PBXNativeTarget "Breakout" */ = {
			isa = XCConfigurationList;
			buildConfigurations = (
				7EE626551E1EB394004C9D9C /* Debug */,
				7EE626561E1EB394004C9D9C /* Release */,
			);
			defaultConfigurationIsVisible = 0;
			defaultConfigurationName = Release;
		};
		7EE626571E1EB394004C9D9C /* Build configuration list for PBXNativeTarget "BreakoutTests" */ = {
			isa = XCConfigurationList;
			buildConfigurations = (
				7EE626581E1EB394004C9D9C /* Debug */,
				7EE626591E1EB394004C9D9C /* Release */,
			);
			defaultConfigurationIsVisible = 0;
			defaultConfigurationName = Release;
		};
/* End XCConfigurationList section */
	};
	rootObject = 7EE6262F1E1EB394004C9D9C /* Project object */;
}
